
Microsoft Visual Studio Solution File, Format Version 12.00
# Visual Studio Version 17
VisualStudioVersion = 17.9.34728.123
MinimumVisualStudioVersion = 10.0.40219.1
Project("{9A19103F-16F7-4668-BE54-9A1E7A4F7556}") = "DotMessenger", "DotMessenger\DotMessenger.csproj", "{26A3454C-DE0E-4A69-A684-E979A8A5C57E}"
EndProject
Project("{2150E333-8FDC-42A3-9474-1A3956D46DE8}") = "Examples", "Examples", "{ABC2CAFB-5265-4C9D-BE18-46A34AD91E7F}"
EndProject
Project("{9A19103F-16F7-4668-BE54-9A1E7A4F7556}") = "DotMessenger.InMemory", "DotMessenger.InMemory\DotMessenger.InMemory.csproj", "{6C0F7BBB-CCBE-48C4-A25C-8F2FBEA60802}"
EndProject
Project("{9A19103F-16F7-4668-BE54-9A1E7A4F7556}") = "ExampleConsoleInMemory", "ExampleConsoleInMemory\ExampleConsoleInMemory.csproj", "{F0DA39C9-2111-4278-9B0C-0BD10A297392}"
EndProject
Project("{9A19103F-16F7-4668-BE54-9A1E7A4F7556}") = "DotMessenger.NetCore", "DotMessenger.NetCore\DotMessenger.NetCore.csproj", "{67B2BA6B-DF5D-4FDD-BE92-556901A35277}"
EndProject
Project("{9A19103F-16F7-4668-BE54-9A1E7A4F7556}") = "DotMessenger.AzureStorageQueue", "DotMessenger.AzureStorageQueue\DotMessenger.AzureStorageQueue.csproj", "{DEE76AD1-9C30-418C-9624-99D9FCA80189}"
EndProject
Project("{FAE04EC0-301F-11D3-BF4B-00C04F79EFBC}") = "DotMessenger.AzureEventHub", "DotMessenger.AzureEventHub\DotMessenger.AzureEventHub.csproj", "{E71F7752-F0BB-4EDC-836C-9CD709B68E88}"
EndProject
Project("{2150E333-8FDC-42A3-9474-1A3956D46DE8}") = "Tests", "Tests", "{F63B1EC5-4927-4AE2-AD20-F53F5C64BFEE}"
EndProject
Project("{FAE04EC0-301F-11D3-BF4B-00C04F79EFBC}") = "DotMessenger.AzureEventHub.Tests", "DotMessenger.AzureEventHub.Tests\DotMessenger.AzureEventHub.Tests.csproj", "{B9ECF011-EB86-4767-B774-885A9D7E8D49}"
EndProject
Project("{FAE04EC0-301F-11D3-BF4B-00C04F79EFBC}") = "DotMessenger.Contract", "DotMessenger.Contract\DotMessenger.Contract.csproj", "{3D163AFE-5624-406E-B837-FB77CBBEAEE5}"
EndProject
Project("{2150E333-8FDC-42A3-9474-1A3956D46DE8}") = "Queues", "Queues", "{5A882D75-95FA-40FA-A595-4C996ACB062D}"
EndProject
Project("{2150E333-8FDC-42A3-9474-1A3956D46DE8}") = "PlatformSpecific", "PlatformSpecific", "{DE1D995C-0F4B-431F-B41A-FF759F4FEBE1}"
EndProject
Project("{2150E333-8FDC-42A3-9474-1A3956D46DE8}") = "Azure", "Azure", "{A72F5B02-3069-428C-99CC-04B684939946}"
EndProject
Global
	GlobalSection(SolutionConfigurationPlatforms) = preSolution
		Debug|Any CPU = Debug|Any CPU
		Release|Any CPU = Release|Any CPU
	EndGlobalSection
	GlobalSection(ProjectConfigurationPlatforms) = postSolution
		{26A3454C-DE0E-4A69-A684-E979A8A5C57E}.Debug|Any CPU.ActiveCfg = Debug|Any CPU
		{26A3454C-DE0E-4A69-A684-E979A8A5C57E}.Debug|Any CPU.Build.0 = Debug|Any CPU
		{26A3454C-DE0E-4A69-A684-E979A8A5C57E}.Release|Any CPU.ActiveCfg = Release|Any CPU
		{26A3454C-DE0E-4A69-A684-E979A8A5C57E}.Release|Any CPU.Build.0 = Release|Any CPU
		{6C0F7BBB-CCBE-48C4-A25C-8F2FBEA60802}.Debug|Any CPU.ActiveCfg = Debug|Any CPU
		{6C0F7BBB-CCBE-48C4-A25C-8F2FBEA60802}.Debug|Any CPU.Build.0 = Debug|Any CPU
		{6C0F7BBB-CCBE-48C4-A25C-8F2FBEA60802}.Release|Any CPU.ActiveCfg = Release|Any CPU
		{6C0F7BBB-CCBE-48C4-A25C-8F2FBEA60802}.Release|Any CPU.Build.0 = Release|Any CPU
		{F0DA39C9-2111-4278-9B0C-0BD10A297392}.Debug|Any CPU.ActiveCfg = Debug|Any CPU
		{F0DA39C9-2111-4278-9B0C-0BD10A297392}.Debug|Any CPU.Build.0 = Debug|Any CPU
		{F0DA39C9-2111-4278-9B0C-0BD10A297392}.Release|Any CPU.ActiveCfg = Release|Any CPU
		{F0DA39C9-2111-4278-9B0C-0BD10A297392}.Release|Any CPU.Build.0 = Release|Any CPU
		{67B2BA6B-DF5D-4FDD-BE92-556901A35277}.Debug|Any CPU.ActiveCfg = Debug|Any CPU
		{67B2BA6B-DF5D-4FDD-BE92-556901A35277}.Debug|Any CPU.Build.0 = Debug|Any CPU
		{67B2BA6B-DF5D-4FDD-BE92-556901A35277}.Release|Any CPU.ActiveCfg = Release|Any CPU
		{67B2BA6B-DF5D-4FDD-BE92-556901A35277}.Release|Any CPU.Build.0 = Release|Any CPU
		{DEE76AD1-9C30-418C-9624-99D9FCA80189}.Debug|Any CPU.ActiveCfg = Debug|Any CPU
		{DEE76AD1-9C30-418C-9624-99D9FCA80189}.Debug|Any CPU.Build.0 = Debug|Any CPU
		{DEE76AD1-9C30-418C-9624-99D9FCA80189}.Release|Any CPU.ActiveCfg = Release|Any CPU
		{DEE76AD1-9C30-418C-9624-99D9FCA80189}.Release|Any CPU.Build.0 = Release|Any CPU
		{E71F7752-F0BB-4EDC-836C-9CD709B68E88}.Debug|Any CPU.ActiveCfg = Debug|Any CPU
		{E71F7752-F0BB-4EDC-836C-9CD709B68E88}.Debug|Any CPU.Build.0 = Debug|Any CPU
		{E71F7752-F0BB-4EDC-836C-9CD709B68E88}.Release|Any CPU.ActiveCfg = Release|Any CPU
		{E71F7752-F0BB-4EDC-836C-9CD709B68E88}.Release|Any CPU.Build.0 = Release|Any CPU
		{B9ECF011-EB86-4767-B774-885A9D7E8D49}.Debug|Any CPU.ActiveCfg = Debug|Any CPU
		{B9ECF011-EB86-4767-B774-885A9D7E8D49}.Debug|Any CPU.Build.0 = Debug|Any CPU
		{B9ECF011-EB86-4767-B774-885A9D7E8D49}.Release|Any CPU.ActiveCfg = Release|Any CPU
		{B9ECF011-EB86-4767-B774-885A9D7E8D49}.Release|Any CPU.Build.0 = Release|Any CPU
		{3D163AFE-5624-406E-B837-FB77CBBEAEE5}.Debug|Any CPU.ActiveCfg = Debug|Any CPU
		{3D163AFE-5624-406E-B837-FB77CBBEAEE5}.Debug|Any CPU.Build.0 = Debug|Any CPU
		{3D163AFE-5624-406E-B837-FB77CBBEAEE5}.Release|Any CPU.ActiveCfg = Release|Any CPU
		{3D163AFE-5624-406E-B837-FB77CBBEAEE5}.Release|Any CPU.Build.0 = Release|Any CPU
	EndGlobalSection
	GlobalSection(SolutionProperties) = preSolution
		HideSolutionNode = FALSE
	EndGlobalSection
	GlobalSection(NestedProjects) = preSolution
		{6C0F7BBB-CCBE-48C4-A25C-8F2FBEA60802} = {5A882D75-95FA-40FA-A595-4C996ACB062D}
		{F0DA39C9-2111-4278-9B0C-0BD10A297392} = {ABC2CAFB-5265-4C9D-BE18-46A34AD91E7F}
		{67B2BA6B-DF5D-4FDD-BE92-556901A35277} = {DE1D995C-0F4B-431F-B41A-FF759F4FEBE1}
		{DEE76AD1-9C30-418C-9624-99D9FCA80189} = {A72F5B02-3069-428C-99CC-04B684939946}
		{E71F7752-F0BB-4EDC-836C-9CD709B68E88} = {A72F5B02-3069-428C-99CC-04B684939946}
		{B9ECF011-EB86-4767-B774-885A9D7E8D49} = {F63B1EC5-4927-4AE2-AD20-F53F5C64BFEE}
		{A72F5B02-3069-428C-99CC-04B684939946} = {5A882D75-95FA-40FA-A595-4C996ACB062D}
	EndGlobalSection
	GlobalSection(ExtensibilityGlobals) = postSolution
		SolutionGuid = {9178509B-A3F3-4687-8C39-8ACAC26FF364}
	EndGlobalSection
EndGlobal
